
Microsoft Visual Studio Solution File, Format Version 12.00
# Visual Studio Version 16
VisualStudioVersion = 16.0.31624.102
MinimumVisualStudioVersion = 10.0.40219.1
Project("{2150E333-8FDC-42A3-9474-1A3956D46DE8}") = "0 - Apresentação", "0 - Apresentação", "{4B21C7DD-5694-4B27-9927-DC67EAD90D5F}"
EndProject
Project("{FAE04EC0-301F-11D3-BF4B-00C04F79EFBC}") = "AR.Apresentacao", "AR.Apresentacao\AR.Apresentacao.csproj", "{6245AE13-309F-463C-9651-202833BBFC97}"
EndProject
Global
	GlobalSection(SolutionConfigurationPlatforms) = preSolution
		Debug|Any CPU = Debug|Any CPU
		Release|Any CPU = Release|Any CPU
	EndGlobalSection
	GlobalSection(ProjectConfigurationPlatforms) = postSolution
		{6245AE13-309F-463C-9651-202833BBFC97}.Debug|Any CPU.ActiveCfg = Debug|Any CPU
		{6245AE13-309F-463C-9651-202833BBFC97}.Debug|Any CPU.Build.0 = Debug|Any CPU
		{6245AE13-309F-463C-9651-202833BBFC97}.Release|Any CPU.ActiveCfg = Release|Any CPU
		{6245AE13-309F-463C-9651-202833BBFC97}.Release|Any CPU.Build.0 = Release|Any CPU
	EndGlobalSection
	GlobalSection(SolutionProperties) = preSolution
		HideSolutionNode = FALSE
	EndGlobalSection
	GlobalSection(NestedProjects) = preSolution
		{6245AE13-309F-463C-9651-202833BBFC97} = {4B21C7DD-5694-4B27-9927-DC67EAD90D5F}
	EndGlobalSection
	GlobalSection(ExtensibilityGlobals) = postSolution
		SolutionGuid = {1200FFF3-155B-4FAB-8081-FE3B8CE227AB}
	EndGlobalSection
EndGlobal
